
Microsoft Visual Studio Solution File, Format Version 12.00
# Visual Studio Version 17
VisualStudioVersion = 17.14.36301.6 d17.14
MinimumVisualStudioVersion = 10.0.40219.1
Project("{FAE04EC0-301F-11D3-BF4B-00C04F79EFBC}") = "QBX", "QBX\QBX.csproj", "{BA35AC41-0CB7-4FE2-B2B9-2258180E963C}"
EndProject
Global
	GlobalSection(SolutionConfigurationPlatforms) = preSolution
		Debug|Any CPU = Debug|Any CPU
		Release|Any CPU = Release|Any CPU
	EndGlobalSection
	GlobalSection(ProjectConfigurationPlatforms) = postSolution
		{BA35AC41-0CB7-4FE2-B2B9-2258180E963C}.Debug|Any CPU.ActiveCfg = Debug|Any CPU
		{BA35AC41-0CB7-4FE2-B2B9-2258180E963C}.Debug|Any CPU.Build.0 = Debug|Any CPU
		{BA35AC41-0CB7-4FE2-B2B9-2258180E963C}.Release|Any CPU.ActiveCfg = Release|Any CPU
		{BA35AC41-0CB7-4FE2-B2B9-2258180E963C}.Release|Any CPU.Build.0 = Release|Any CPU
	EndGlobalSection
	GlobalSection(SolutionProperties) = preSolution
		HideSolutionNode = FALSE
	EndGlobalSection
	GlobalSection(ExtensibilityGlobals) = postSolution
		SolutionGuid = {886107B4-8769-4138-B6D4-F68BFB3E311F}
	EndGlobalSection
EndGlobal
